<Solution>
  <Project Path="AddressBook.Application/AddressBook.Application.csproj" />
  <Project Path="AddressBook.Domain/AddressBook.Domain.csproj" />
  <Project Path="AddressBook.Infrastructure/AddressBook.Infrastructure.csproj" />
  <Project Path="AddressBook.Presentation/AddressBook.Presentation.csproj" />
</Solution>
